
Microsoft Visual Studio Solution File, Format Version 12.00
# Visual Studio Version 16
VisualStudioVersion = 16.0.30711.63
MinimumVisualStudioVersion = 10.0.40219.1
Project("{FAE04EC0-301F-11D3-BF4B-00C04F79EFBC}") = "PowerAppsPortalsFileSync", "PowerAppsPortalsFileSync\PowerAppsPortalsFileSync.csproj", "{8F06C76C-61FF-4365-842C-1DC8DA6D56A0}"
EndProject
Global
	GlobalSection(SolutionConfigurationPlatforms) = preSolution
		Debug|Any CPU = Debug|Any CPU
		Release|Any CPU = Release|Any CPU
	EndGlobalSection
	GlobalSection(ProjectConfigurationPlatforms) = postSolution
		{8F06C76C-61FF-4365-842C-1DC8DA6D56A0}.Debug|Any CPU.ActiveCfg = Debug|Any CPU
		{8F06C76C-61FF-4365-842C-1DC8DA6D56A0}.Debug|Any CPU.Build.0 = Debug|Any CPU
		{8F06C76C-61FF-4365-842C-1DC8DA6D56A0}.Release|Any CPU.ActiveCfg = Release|Any CPU
		{8F06C76C-61FF-4365-842C-1DC8DA6D56A0}.Release|Any CPU.Build.0 = Release|Any CPU
	EndGlobalSection
	GlobalSection(SolutionProperties) = preSolution
		HideSolutionNode = FALSE
	EndGlobalSection
	GlobalSection(ExtensibilityGlobals) = postSolution
		SolutionGuid = {EA2D1A1A-9448-4D24-A4C7-75267E86E46B}
	EndGlobalSection
EndGlobal
